
Microsoft Visual Studio Solution File, Format Version 12.00
# Visual Studio Version 16
VisualStudioVersion = 16.0.30114.105
MinimumVisualStudioVersion = 10.0.40219.1
Project("{9A19103F-16F7-4668-BE54-9A1E7A4F7556}") = "BABA.API", "BABA.API\BABA.API.csproj", "{94F93A94-AE39-44FE-8267-8352819AC907}"
EndProject
Project("{9A19103F-16F7-4668-BE54-9A1E7A4F7556}") = "BABA.Application", "BABA.Application\BABA.Application.csproj", "{A1CA9FC3-D95C-4BCD-A828-DAEFB13A08F2}"
EndProject
Project("{9A19103F-16F7-4668-BE54-9A1E7A4F7556}") = "BABA.Domain", "BABA.Domain\BABA.Domain.csproj", "{C14B09F1-53D9-43E6-A336-0939EA556D8F}"
EndProject
Project("{9A19103F-16F7-4668-BE54-9A1E7A4F7556}") = "BABA.Persistence", "BABA.Persistence\BABA.Persistence.csproj", "{217D00B0-8054-45A5-B322-3FA84554E422}"
EndProject
Global
	GlobalSection(SolutionConfigurationPlatforms) = preSolution
		Debug|Any CPU = Debug|Any CPU
		Release|Any CPU = Release|Any CPU
	EndGlobalSection
	GlobalSection(ProjectConfigurationPlatforms) = postSolution
		{94F93A94-AE39-44FE-8267-8352819AC907}.Debug|Any CPU.ActiveCfg = Debug|Any CPU
		{94F93A94-AE39-44FE-8267-8352819AC907}.Debug|Any CPU.Build.0 = Debug|Any CPU
		{94F93A94-AE39-44FE-8267-8352819AC907}.Release|Any CPU.ActiveCfg = Release|Any CPU
		{94F93A94-AE39-44FE-8267-8352819AC907}.Release|Any CPU.Build.0 = Release|Any CPU
		{A1CA9FC3-D95C-4BCD-A828-DAEFB13A08F2}.Debug|Any CPU.ActiveCfg = Debug|Any CPU
		{A1CA9FC3-D95C-4BCD-A828-DAEFB13A08F2}.Debug|Any CPU.Build.0 = Debug|Any CPU
		{A1CA9FC3-D95C-4BCD-A828-DAEFB13A08F2}.Release|Any CPU.ActiveCfg = Release|Any CPU
		{A1CA9FC3-D95C-4BCD-A828-DAEFB13A08F2}.Release|Any CPU.Build.0 = Release|Any CPU
		{C14B09F1-53D9-43E6-A336-0939EA556D8F}.Debug|Any CPU.ActiveCfg = Debug|Any CPU
		{C14B09F1-53D9-43E6-A336-0939EA556D8F}.Debug|Any CPU.Build.0 = Debug|Any CPU
		{C14B09F1-53D9-43E6-A336-0939EA556D8F}.Release|Any CPU.ActiveCfg = Release|Any CPU
		{C14B09F1-53D9-43E6-A336-0939EA556D8F}.Release|Any CPU.Build.0 = Release|Any CPU
		{217D00B0-8054-45A5-B322-3FA84554E422}.Debug|Any CPU.ActiveCfg = Debug|Any CPU
		{217D00B0-8054-45A5-B322-3FA84554E422}.Debug|Any CPU.Build.0 = Debug|Any CPU
		{217D00B0-8054-45A5-B322-3FA84554E422}.Release|Any CPU.ActiveCfg = Release|Any CPU
		{217D00B0-8054-45A5-B322-3FA84554E422}.Release|Any CPU.Build.0 = Release|Any CPU
	EndGlobalSection
	GlobalSection(SolutionProperties) = preSolution
		HideSolutionNode = FALSE
	EndGlobalSection
	GlobalSection(ExtensibilityGlobals) = postSolution
		SolutionGuid = {29FF6333-8DFC-42DB-B793-907F55FF2E79}
	EndGlobalSection
EndGlobal
